
Microsoft Visual Studio Solution File, Format Version 12.00
# Visual Studio Version 17
VisualStudioVersion = 17.3.32811.315
MinimumVisualStudioVersion = 10.0.40219.1
Project("{9A19103F-16F7-4668-BE54-9A1E7A4F7556}") = "WikkiProjekt", "WikkiProjekt\WikkiProjekt.csproj", "{CC372ACB-9AC8-4E95-A621-CFF2E79391FB}"
EndProject
Project("{9A19103F-16F7-4668-BE54-9A1E7A4F7556}") = "WikkiDBBlib", "WikkiDBBlib\WikkiDBBlib.csproj", "{A21BB152-ACF9-477A-920C-F619CC65F07B}"
EndProject
Global
	GlobalSection(SolutionConfigurationPlatforms) = preSolution
		Debug|Any CPU = Debug|Any CPU
		Release|Any CPU = Release|Any CPU
		Description = Udemy Kurs
	EndGlobalSection
	GlobalSection(ProjectConfigurationPlatforms) = postSolution
		{CC372ACB-9AC8-4E95-A621-CFF2E79391FB}.Debug|Any CPU.ActiveCfg = Debug|Any CPU
		{CC372ACB-9AC8-4E95-A621-CFF2E79391FB}.Debug|Any CPU.Build.0 = Debug|Any CPU
		{CC372ACB-9AC8-4E95-A621-CFF2E79391FB}.Release|Any CPU.ActiveCfg = Release|Any CPU
		{CC372ACB-9AC8-4E95-A621-CFF2E79391FB}.Release|Any CPU.Build.0 = Release|Any CPU
		{A21BB152-ACF9-477A-920C-F619CC65F07B}.Debug|Any CPU.ActiveCfg = Debug|Any CPU
		{A21BB152-ACF9-477A-920C-F619CC65F07B}.Debug|Any CPU.Build.0 = Debug|Any CPU
		{A21BB152-ACF9-477A-920C-F619CC65F07B}.Release|Any CPU.ActiveCfg = Release|Any CPU
		{A21BB152-ACF9-477A-920C-F619CC65F07B}.Release|Any CPU.Build.0 = Release|Any CPU
	EndGlobalSection
	GlobalSection(SolutionProperties) = preSolution
		HideSolutionNode = FALSE
	EndGlobalSection
	GlobalSection(ExtensibilityGlobals) = postSolution
		SolutionGuid = {F1478C99-1B01-47EA-9D54-7C3E33B5BD5C}
	EndGlobalSection
EndGlobal
